
Microsoft Visual Studio Solution File, Format Version 12.00
# Visual Studio Version 17
VisualStudioVersion = 17.0.32112.339
MinimumVisualStudioVersion = 10.0.40219.1
Project("{9A19103F-16F7-4668-BE54-9A1E7A4F7556}") = "Invicta.Net.Dis", "Invicta.Net.Dis\Invicta.Net.Dis.csproj", "{AFF4968E-0DAC-4DA2-8AFF-B9001F0E064C}"
EndProject
Project("{9A19103F-16F7-4668-BE54-9A1E7A4F7556}") = "Invicta.Net.Dis.Scratch", "Invicta.Net.Dis.Scratch\Invicta.Net.Dis.Scratch.csproj", "{E45D9EAC-13AF-4ECC-A956-6D7280ABDDDC}"
EndProject
Project("{9A19103F-16F7-4668-BE54-9A1E7A4F7556}") = "Invicta.Collections.Specialized", "Invicta.Collections.Specialized\Invicta.Collections.Specialized\Invicta.Collections.Specialized.csproj", "{75A463B4-2C69-4705-8BB4-9FD630C6A306}"
EndProject
Project("{9A19103F-16F7-4668-BE54-9A1E7A4F7556}") = "Invicta.Net.Dis.Test", "Invicta.Net.Dis.Test\Invicta.Net.Dis.Test.csproj", "{9C595147-134B-4EBF-A661-4DE7BF628480}"
EndProject
Project("{9A19103F-16F7-4668-BE54-9A1E7A4F7556}") = "Invicta.Net.SisoRef010", "..\Invicta.Net.SisoRef010\Invicta.Net.SisoRef010\Invicta.Net.SisoRef010.csproj", "{622AD60F-D6BC-4C69-8B94-BE861C7842EF}"
EndProject
Global
	GlobalSection(SolutionConfigurationPlatforms) = preSolution
		Debug|Any CPU = Debug|Any CPU
		Release|Any CPU = Release|Any CPU
	EndGlobalSection
	GlobalSection(ProjectConfigurationPlatforms) = postSolution
		{AFF4968E-0DAC-4DA2-8AFF-B9001F0E064C}.Debug|Any CPU.ActiveCfg = Debug|Any CPU
		{AFF4968E-0DAC-4DA2-8AFF-B9001F0E064C}.Debug|Any CPU.Build.0 = Debug|Any CPU
		{AFF4968E-0DAC-4DA2-8AFF-B9001F0E064C}.Release|Any CPU.ActiveCfg = Release|Any CPU
		{AFF4968E-0DAC-4DA2-8AFF-B9001F0E064C}.Release|Any CPU.Build.0 = Release|Any CPU
		{E45D9EAC-13AF-4ECC-A956-6D7280ABDDDC}.Debug|Any CPU.ActiveCfg = Debug|Any CPU
		{E45D9EAC-13AF-4ECC-A956-6D7280ABDDDC}.Debug|Any CPU.Build.0 = Debug|Any CPU
		{E45D9EAC-13AF-4ECC-A956-6D7280ABDDDC}.Release|Any CPU.ActiveCfg = Release|Any CPU
		{E45D9EAC-13AF-4ECC-A956-6D7280ABDDDC}.Release|Any CPU.Build.0 = Release|Any CPU
		{75A463B4-2C69-4705-8BB4-9FD630C6A306}.Debug|Any CPU.ActiveCfg = Debug|Any CPU
		{75A463B4-2C69-4705-8BB4-9FD630C6A306}.Debug|Any CPU.Build.0 = Debug|Any CPU
		{75A463B4-2C69-4705-8BB4-9FD630C6A306}.Release|Any CPU.ActiveCfg = Release|Any CPU
		{75A463B4-2C69-4705-8BB4-9FD630C6A306}.Release|Any CPU.Build.0 = Release|Any CPU
		{9C595147-134B-4EBF-A661-4DE7BF628480}.Debug|Any CPU.ActiveCfg = Debug|Any CPU
		{9C595147-134B-4EBF-A661-4DE7BF628480}.Debug|Any CPU.Build.0 = Debug|Any CPU
		{9C595147-134B-4EBF-A661-4DE7BF628480}.Release|Any CPU.ActiveCfg = Release|Any CPU
		{9C595147-134B-4EBF-A661-4DE7BF628480}.Release|Any CPU.Build.0 = Release|Any CPU
		{622AD60F-D6BC-4C69-8B94-BE861C7842EF}.Debug|Any CPU.ActiveCfg = Debug|Any CPU
		{622AD60F-D6BC-4C69-8B94-BE861C7842EF}.Debug|Any CPU.Build.0 = Debug|Any CPU
		{622AD60F-D6BC-4C69-8B94-BE861C7842EF}.Release|Any CPU.ActiveCfg = Release|Any CPU
		{622AD60F-D6BC-4C69-8B94-BE861C7842EF}.Release|Any CPU.Build.0 = Release|Any CPU
	EndGlobalSection
	GlobalSection(SolutionProperties) = preSolution
		HideSolutionNode = FALSE
	EndGlobalSection
	GlobalSection(ExtensibilityGlobals) = postSolution
		SolutionGuid = {12C2E765-CAF9-4BD5-AC54-43C0C22AD019}
	EndGlobalSection
EndGlobal
